{
  "pins" : [
    {
      "identity" : "myswiftpackage",
      "kind" : "remoteSourceControl",
      "location" : "https://github.com/rzmudzin/MySwiftPackage",
      "state" : {
        "branch" : "main",
        "revision" : "fcc194310f4e37cf9c60f2f151cd5cfea4f0bbe3"
      }
    }
  ],
  "version" : 2
}
