{
  "pins" : [
    {
      "identity" : "myswiftpackage",
      "kind" : "remoteSourceControl",
      "location" : "https://github.com/rzmudzin/MySwiftPackage",
      "state" : {
        "branch" : "main",
        "revision" : "3712e9fb5c135f52398f917c666c59f27bad6bad"
      }
    }
  ],
  "version" : 2
}
